// !$*UTF8*$!
{
	archiveVersion = 1;
	classes = {
	};
	objectVersion = 46;
	objects = {

/* Begin PBXBuildFile section */
		B80E9ACF2043FD0B001A6DFF /* AppDelegate.swift in Sources */ = {isa = PBXBuildFile; fileRef = B80E9ACE2043FD0B001A6DFF /* AppDelegate.swift */; };
		B80E9AD12043FD0B001A6DFF /* ViewController.swift in Sources */ = {isa = PBXBuildFile; fileRef = B80E9AD02043FD0B001A6DFF /* ViewController.swift */; };
		B80E9AD42043FD0B001A6DFF /* Main.storyboard in Resources */ = {isa = PBXBuildFile; fileRef = B80E9AD22043FD0B001A6DFF /* Main.storyboard */; };
		B80E9AD62043FD0B001A6DFF /* Assets.xcassets in Resources */ = {isa = PBXBuildFile; fileRef = B80E9AD52043FD0B001A6DFF /* Assets.xcassets */; };
		B80E9AD92043FD0B001A6DFF /* LaunchScreen.storyboard in Resources */ = {isa = PBXBuildFile; fileRef = B80E9AD72043FD0B001A6DFF /* LaunchScreen.storyboard */; };
		B8DF49D92046865900F4208D /* LetsButton.swift in Sources */ = {isa = PBXBuildFile; fileRef = B8DF49D82046865900F4208D /* LetsButton.swift */; };
/* End PBXBuildFile section */

/* Begin PBXFileReference section */
		B80E9ACB2043FD0B001A6DFF /* test.app */ = {isa = PBXFileReference; explicitFileType = wrapper.application; includeInIndex = 0; path = test.app; sourceTree = BUILT_PRODUCTS_DIR; };
		B80E9ACE2043FD0B001A6DFF /* AppDelegate.swift */ = {isa = PBXFileReference; lastKnownFileType = sourcecode.swift; path = AppDelegate.swift; sourceTree = "<group>"; };
		B80E9AD02043FD0B001A6DFF /* ViewController.swift */ = {isa = PBXFileReference; lastKnownFileType = sourcecode.swift; path = ViewController.swift; sourceTree = "<group>"; };
		B80E9AD32043FD0B001A6DFF /* Base */ = {isa = PBXFileReference; lastKnownFileType = file.storyboard; name = Base; path = Base.lproj/Main.storyboard; sourceTree = "<group>"; };
		B80E9AD52043FD0B001A6DFF /* Assets.xcassets */ = {isa = PBXFileReference; lastKnownFileType = folder.assetcatalog; path = Assets.xcassets; sourceTree = "<group>"; };
		B80E9AD82043FD0B001A6DFF /* Base */ = {isa = PBXFileReference; lastKnownFileType = file.storyboard; name = Base; path = Base.lproj/LaunchScreen.storyboard; sourceTree = "<group>"; };
		B80E9ADA2043FD0B001A6DFF /* Info.plist */ = {isa = PBXFileReference; lastKnownFileType = text.plist.xml; path = Info.plist; sourceTree = "<group>"; };
		B8DF49D82046865900F4208D /* LetsButton.swift */ = {isa = PBXFileReference; fileEncoding = 4; lastKnownFileType = sourcecode.swift; path = LetsButton.swift; sourceTree = "<group>"; };
/* End PBXFileReference section */

/* Begin PBXFrameworksBuildPhase section */
		B80E9AC82043FD0B001A6DFF /* Frameworks */ = {
			isa = PBXFrameworksBuildPhase;
			buildActionMask = 2147483647;
			files = (
			);
			runOnlyForDeploymentPostprocessing = 0;
		};
/* End PBXFrameworksBuildPhase section */

/* Begin PBXGroup section */
		B80E9AC22043FD0B001A6DFF = {
			isa = PBXGroup;
			children = (
				B80E9ACD2043FD0B001A6DFF /* test */,
				B80E9ACC2043FD0B001A6DFF /* Products */,
			);
			sourceTree = "<group>";
		};
		B80E9ACC2043FD0B001A6DFF /* Products */ = {
			isa = PBXGroup;
			children = (
				B80E9ACB2043FD0B001A6DFF /* test.app */,
			);
			name = Products;
			sourceTree = "<group>";
		};
		B80E9ACD2043FD0B001A6DFF /* test */ = {
			isa = PBXGroup;
			children = (
				B80E9ACE2043FD0B001A6DFF /* AppDelegate.swift */,
				B80E9AD02043FD0B001A6DFF /* ViewController.swift */,
				B8DF49D82046865900F4208D /* LetsButton.swift */,
				B80E9AD22043FD0B001A6DFF /* Main.storyboard */,
				B80E9AD52043FD0B001A6DFF /* Assets.xcassets */,
				B80E9AD72043FD0B001A6DFF /* LaunchScreen.storyboard */,
				B80E9ADA2043FD0B001A6DFF /* Info.plist */,
			);
			path = test;
			sourceTree = "<group>";
		};
/* End PBXGroup section */

/* Begin PBXNativeTarget section */
		B80E9ACA2043FD0B001A6DFF /* test */ = {
			isa = PBXNativeTarget;
			buildConfigurationList = B80E9ADD2043FD0C001A6DFF /* Build configuration list for PBXNativeTarget "test" */;
			buildPhases = (
				B80E9AC72043FD0B001A6DFF /* Sources */,
				B80E9AC82043FD0B001A6DFF /* Frameworks */,
				B80E9AC92043FD0B001A6DFF /* Resources */,
			);
			buildRules = (
			);
			dependencies = (
			);
			name = test;
			productName = test;
			productReference = B80E9ACB2043FD0B001A6DFF /* test.app */;
			productType = "com.apple.product-type.application";
		};
/* End PBXNativeTarget section */

/* Begin PBXProject section */
		B80E9AC32043FD0B001A6DFF /* Project object */ = {
			isa = PBXProject;
			attributes = {
				LastSwiftUpdateCheck = 0830;
				LastUpgradeCheck = 0830;
				ORGANIZATIONNAME = vaidehi;
				TargetAttributes = {
					B80E9ACA2043FD0B001A6DFF = {
						CreatedOnToolsVersion = 8.3.3;
						DevelopmentTeam = WFFV5C7GWT;
						ProvisioningStyle = Automatic;
					};
				};
			};
			buildConfigurationList = B80E9AC62043FD0B001A6DFF /* Build configuration list for PBXProject "test" */;
			compatibilityVersion = "Xcode 3.2";
			developmentRegion = English;
			hasScannedForEncodings = 0;
			knownRegions = (
				en,
				Base,
			);
			mainGroup = B80E9AC22043FD0B001A6DFF;
			productRefGroup = B80E9ACC2043FD0B001A6DFF /* Products */;
			projectDirPath = "";
			projectRoot = "";
			targets = (
				B80E9ACA2043FD0B001A6DFF /* test */,
			);
		};
/* End PBXProject section */

/* Begin PBXResourcesBuildPhase section */
		B80E9AC92043FD0B001A6DFF /* Resources */ = {
			isa = PBXResourcesBuildPhase;
			buildActionMask = 2147483647;
			files = (
				B80E9AD92043FD0B001A6DFF /* LaunchScreen.storyboard in Resources */,
				B80E9AD62043FD0B001A6DFF /* Assets.xcassets in Resources */,
				B80E9AD42043FD0B001A6DFF /* Main.storyboard in Resources */,
			);
			runOnlyForDeploymentPostprocessing = 0;
		};
/* End PBXResourcesBuildPhase section */

/* Begin PBXSourcesBuildPhase section */
		B80E9AC72043FD0B001A6DFF /* Sources */ = {
			isa = PBXSourcesBuildPhase;
			buildActionMask = 2147483647;
			files = (
				B80E9AD12043FD0B001A6DFF /* ViewController.swift in Sources */,
				B80E9ACF2043FD0B001A6DFF /* AppDelegate.swift in Sources */,
				B8DF49D92046865900F4208D /* LetsButton.swift in Sources */,
			);
			runOnlyForDeploymentPostprocessing = 0;
		};
/* End PBXSourcesBuildPhase section */

/* Begin PBXVariantGroup section */
		B80E9AD22043FD0B001A6DFF /* Main.storyboard */ = {
			isa = PBXVariantGroup;
			children = (
				B80E9AD32043FD0B001A6DFF /* Base */,
			);
			name = Main.storyboard;
			sourceTree = "<group>";
		};
		B80E9AD72043FD0B001A6DFF /* LaunchScreen.storyboard */ = {
			isa = PBXVariantGroup;
			children = (
				B80E9AD82043FD0B001A6DFF /* Base */,
			);
			name = LaunchScreen.storyboard;
			sourceTree = "<group>";
		};
/* End PBXVariantGroup section */

/* Begin XCBuildConfiguration section */
		B80E9ADB2043FD0B001A6DFF /* Debug */ = {
			isa = XCBuildConfiguration;
			buildSettings = {
				ALWAYS_SEARCH_USER_PATHS = NO;
				CLANG_ANALYZER_NONNULL = YES;
				CLANG_ANALYZER_NUMBER_OBJECT_CONVERSION = YES_AGGRESSIVE;
				CLANG_CXX_LANGUAGE_STANDARD = "gnu++0x";
				CLANG_CXX_LIBRARY = "libc++";
				CLANG_ENABLE_MODULES = YES;
				CLANG_ENABLE_OBJC_ARC = YES;
				CLANG_WARN_BOOL_CONVERSION = YES;
				CLANG_WARN_CONSTANT_CONVERSION = YES;
				CLANG_WARN_DIRECT_OBJC_ISA_USAGE = YES_ERROR;
				CLANG_WARN_DOCUMENTATION_COMMENTS = YES;
				CLANG_WARN_EMPTY_BODY = YES;
				CLANG_WARN_ENUM_CONVERSION = YES;
				CLANG_WARN_INFINITE_RECURSION = YES;
				CLANG_WARN_INT_CONVERSION = YES;
				CLANG_WARN_OBJC_ROOT_CLASS = YES_ERROR;
				CLANG_WARN_SUSPICIOUS_MOVE = YES;
				CLANG_WARN_UNREACHABLE_CODE = YES;
				CLANG_WARN__DUPLICATE_METHOD_MATCH = YES;
				"CODE_SIGN_IDENTITY[sdk=iphoneos*]" = "iPhone Developer";
				COPY_PHASE_STRIP = NO;
				DEBUG_INFORMATION_FORMAT = dwarf;
				ENABLE_STRICT_OBJC_MSGSEND = YES;
				ENABLE_TESTABILITY = YES;
				GCC_C_LANGUAGE_STANDARD = gnu99;
				GCC_DYNAMIC_NO_PIC = NO;
				GCC_NO_COMMON_BLOCKS = YES;
				GCC_OPTIMIZATION_LEVEL = 0;
				GCC_PREPROCESSOR_DEFINITIONS = (
					"DEBUG=1",
					"$(inherited)",
				);
				GCC_WARN_64_TO_32_BIT_CONVERSION = YES;
				GCC_WARN_ABOUT_RETURN_TYPE = YES_ERROR;
				GCC_WARN_UNDECLARED_SELECTOR = YES;
				GCC_WARN_UNINITIALIZED_AUTOS = YES_AGGRESSIVE;
				GCC_WARN_UNUSED_FUNCTION = YES;
				GCC_WARN_UNUSED_VARIABLE = YES;
				IPHONEOS_DEPLOYMENT_TARGET = 10.3;
				MTL_ENABLE_DEBUG_INFO = YES;
				ONLY_ACTIVE_ARCH = YES;
				SDKROOT = iphoneos;
				SWIFT_ACTIVE_COMPILATION_CONDITIONS = DEBUG;
				SWIFT_OPTIMIZATION_LEVEL = "-Onone";
			};
			name = Debug;
		};
		B80E9ADC2043FD0C001A6DFF /* Release */ = {
			isa = XCBuildConfiguration;
			buildSettings = {
				ALWAYS_SEARCH_USER_PATHS = NO;
				CLANG_ANALYZER_NONNULL = YES;
				CLANG_ANALYZER_NUMBER_OBJECT_CONVERSION = YES_AGGRESSIVE;
				CLANG_CXX_LANGUAGE_STANDARD = "gnu++0x";
				CLANG_CXX_LIBRARY = "libc++";
				CLANG_ENABLE_MODULES = YES;
				CLANG_ENABLE_OBJC_ARC = YES;
				CLANG_WARN_BOOL_CONVERSION = YES;
				CLANG_WARN_CONSTANT_CONVERSION = YES;
				CLANG_WARN_DIRECT_OBJC_ISA_USAGE = YES_ERROR;
				CLANG_WARN_DOCUMENTATION_COMMENTS = YES;
				CLANG_WARN_EMPTY_BODY = YES;
				CLANG_WARN_ENUM_CONVERSION = YES;
				CLANG_WARN_INFINITE_RECURSION = YES;
				CLANG_WARN_INT_CONVERSION = YES;
				CLANG_WARN_OBJC_ROOT_CLASS = YES_ERROR;
				CLANG_WARN_SUSPICIOUS_MOVE = YES;
				CLANG_WARN_UNREACHABLE_CODE = YES;
				CLANG_WARN__DUPLICATE_METHOD_MATCH = YES;
				"CODE_SIGN_IDENTITY[sdk=iphoneos*]" = "iPhone Developer";
				COPY_PHASE_STRIP = NO;
				DEBUG_INFORMATION_FORMAT = "dwarf-with-dsym";
				ENABLE_NS_ASSERTIONS = NO;
				ENABLE_STRICT_OBJC_MSGSEND = YES;
				GCC_C_LANGUAGE_STANDARD = gnu99;
				GCC_NO_COMMON_BLOCKS = YES;
				GCC_WARN_64_TO_32_BIT_CONVERSION = YES;
				GCC_WARN_ABOUT_RETURN_TYPE = YES_ERROR;
				GCC_WARN_UNDECLARED_SELECTOR = YES;
				GCC_WARN_UNINITIALIZED_AUTOS = YES_AGGRESSIVE;
				GCC_WARN_UNUSED_FUNCTION = YES;
				GCC_WARN_UNUSED_VARIABLE = YES;
				IPHONEOS_DEPLOYMENT_TARGET = 10.3;
				MTL_ENABLE_DEBUG_INFO = NO;
				SDKROOT = iphoneos;
				SWIFT_OPTIMIZATION_LEVEL = "-Owholemodule";
				VALIDATE_PRODUCT = YES;
			};
			name = Release;
		};
		B80E9ADE2043FD0C001A6DFF /* Debug */ = {
			isa = XCBuildConfiguration;
			buildSettings = {
				ASSETCATALOG_COMPILER_APPICON_NAME = AppIcon;
				DEVELOPMENT_TEAM = WFFV5C7GWT;
				INFOPLIST_FILE = test/Info.plist;
				LD_RUNPATH_SEARCH_PATHS = "$(inherited) @executable_path/Frameworks";
				PRODUCT_BUNDLE_IDENTIFIER = Test.test;
				PRODUCT_NAME = "$(TARGET_NAME)";
				SWIFT_VERSION = 3.0;
			};
			name = Debug;
		};
		B80E9ADF2043FD0C001A6DFF /* Release */ = {
			isa = XCBuildConfiguration;
			buildSettings = {
				ASSETCATALOG_COMPILER_APPICON_NAME = AppIcon;
				DEVELOPMENT_TEAM = WFFV5C7GWT;
				INFOPLIST_FILE = test/Info.plist;
				LD_RUNPATH_SEARCH_PATHS = "$(inherited) @executable_path/Frameworks";
				PRODUCT_BUNDLE_IDENTIFIER = Test.test;
				PRODUCT_NAME = "$(TARGET_NAME)";
				SWIFT_VERSION = 3.0;
			};
			name = Release;
		};
/* End XCBuildConfiguration section */

/* Begin XCConfigurationList section */
		B80E9AC62043FD0B001A6DFF /* Build configuration list for PBXProject "test" */ = {
			isa = XCConfigurationList;
			buildConfigurations = (
				B80E9ADB2043FD0B001A6DFF /* Debug */,
				B80E9ADC2043FD0C001A6DFF /* Release */,
			);
			defaultConfigurationIsVisible = 0;
			defaultConfigurationName = Release;
		};
		B80E9ADD2043FD0C001A6DFF /* Build configuration list for PBXNativeTarget "test" */ = {
			isa = XCConfigurationList;
			buildConfigurations = (
				B80E9ADE2043FD0C001A6DFF /* Debug */,
				B80E9ADF2043FD0C001A6DFF /* Release */,
			);
			defaultConfigurationIsVisible = 0;
			defaultConfigurationName = Release;
		};
/* End XCConfigurationList section */
	};
	rootObject = B80E9AC32043FD0B001A6DFF /* Project object */;
}
